
Microsoft Visual Studio Solution File, Format Version 12.00
# Visual Studio Version 17
VisualStudioVersion = 17.14.36414.22 d17.14
MinimumVisualStudioVersion = 10.0.40219.1
Project("{FAE04EC0-301F-11D3-BF4B-00C04F79EFBC}") = "Library_MultipleObjectArrayDemo", "Library_MultipleObjectArrayDemo.csproj", "{3EC99E02-B6CD-4D61-A557-CE9692F150D9}"
EndProject
Global
	GlobalSection(SolutionConfigurationPlatforms) = preSolution
		Debug|Any CPU = Debug|Any CPU
		Release|Any CPU = Release|Any CPU
	EndGlobalSection
	GlobalSection(ProjectConfigurationPlatforms) = postSolution
		{3EC99E02-B6CD-4D61-A557-CE9692F150D9}.Debug|Any CPU.ActiveCfg = Debug|Any CPU
		{3EC99E02-B6CD-4D61-A557-CE9692F150D9}.Debug|Any CPU.Build.0 = Debug|Any CPU
		{3EC99E02-B6CD-4D61-A557-CE9692F150D9}.Release|Any CPU.ActiveCfg = Release|Any CPU
		{3EC99E02-B6CD-4D61-A557-CE9692F150D9}.Release|Any CPU.Build.0 = Release|Any CPU
	EndGlobalSection
	GlobalSection(SolutionProperties) = preSolution
		HideSolutionNode = FALSE
	EndGlobalSection
	GlobalSection(ExtensibilityGlobals) = postSolution
		SolutionGuid = {8A61D263-30CF-44EB-B001-892F38763681}
	EndGlobalSection
EndGlobal
