
Microsoft Visual Studio Solution File, Format Version 12.00
# Visual Studio Version 17
VisualStudioVersion = 17.14.36414.22 d17.14
MinimumVisualStudioVersion = 10.0.40219.1
Project("{FAE04EC0-301F-11D3-BF4B-00C04F79EFBC}") = "ArrayMethods_Demo", "ArrayMethods_Demo.csproj", "{ADB379C1-9C1B-426C-AEA8-1DD7FB998179}"
EndProject
Global
	GlobalSection(SolutionConfigurationPlatforms) = preSolution
		Debug|Any CPU = Debug|Any CPU
		Release|Any CPU = Release|Any CPU
	EndGlobalSection
	GlobalSection(ProjectConfigurationPlatforms) = postSolution
		{ADB379C1-9C1B-426C-AEA8-1DD7FB998179}.Debug|Any CPU.ActiveCfg = Debug|Any CPU
		{ADB379C1-9C1B-426C-AEA8-1DD7FB998179}.Debug|Any CPU.Build.0 = Debug|Any CPU
		{ADB379C1-9C1B-426C-AEA8-1DD7FB998179}.Release|Any CPU.ActiveCfg = Release|Any CPU
		{ADB379C1-9C1B-426C-AEA8-1DD7FB998179}.Release|Any CPU.Build.0 = Release|Any CPU
	EndGlobalSection
	GlobalSection(SolutionProperties) = preSolution
		HideSolutionNode = FALSE
	EndGlobalSection
	GlobalSection(ExtensibilityGlobals) = postSolution
		SolutionGuid = {7B8B30CC-E69E-4216-A8B7-481E37A84B66}
	EndGlobalSection
EndGlobal
