
Microsoft Visual Studio Solution File, Format Version 12.00
# Visual Studio Version 17
VisualStudioVersion = 17.14.36414.22 d17.14
MinimumVisualStudioVersion = 10.0.40219.1
Project("{FAE04EC0-301F-11D3-BF4B-00C04F79EFBC}") = "Inheritance_Demo", "Inheritance_Demo.csproj", "{9CDD9DF2-2D97-4133-892A-30E562D5347A}"
EndProject
Global
	GlobalSection(SolutionConfigurationPlatforms) = preSolution
		Debug|Any CPU = Debug|Any CPU
		Release|Any CPU = Release|Any CPU
	EndGlobalSection
	GlobalSection(ProjectConfigurationPlatforms) = postSolution
		{9CDD9DF2-2D97-4133-892A-30E562D5347A}.Debug|Any CPU.ActiveCfg = Debug|Any CPU
		{9CDD9DF2-2D97-4133-892A-30E562D5347A}.Debug|Any CPU.Build.0 = Debug|Any CPU
		{9CDD9DF2-2D97-4133-892A-30E562D5347A}.Release|Any CPU.ActiveCfg = Release|Any CPU
		{9CDD9DF2-2D97-4133-892A-30E562D5347A}.Release|Any CPU.Build.0 = Release|Any CPU
	EndGlobalSection
	GlobalSection(SolutionProperties) = preSolution
		HideSolutionNode = FALSE
	EndGlobalSection
	GlobalSection(ExtensibilityGlobals) = postSolution
		SolutionGuid = {C0918245-6711-48D9-A610-E545800752A1}
	EndGlobalSection
EndGlobal
