
Microsoft Visual Studio Solution File, Format Version 12.00
# Visual Studio Version 17
VisualStudioVersion = 17.14.36414.22 d17.14
MinimumVisualStudioVersion = 10.0.40219.1
Project("{FAE04EC0-301F-11D3-BF4B-00C04F79EFBC}") = "MultidimensionalArrays_Demo2", "MultidimensionalArrays_Demo2.csproj", "{F4972683-FA64-4CB0-A3F5-0CE542A222A3}"
EndProject
Global
	GlobalSection(SolutionConfigurationPlatforms) = preSolution
		Debug|Any CPU = Debug|Any CPU
		Release|Any CPU = Release|Any CPU
	EndGlobalSection
	GlobalSection(ProjectConfigurationPlatforms) = postSolution
		{F4972683-FA64-4CB0-A3F5-0CE542A222A3}.Debug|Any CPU.ActiveCfg = Debug|Any CPU
		{F4972683-FA64-4CB0-A3F5-0CE542A222A3}.Debug|Any CPU.Build.0 = Debug|Any CPU
		{F4972683-FA64-4CB0-A3F5-0CE542A222A3}.Release|Any CPU.ActiveCfg = Release|Any CPU
		{F4972683-FA64-4CB0-A3F5-0CE542A222A3}.Release|Any CPU.Build.0 = Release|Any CPU
	EndGlobalSection
	GlobalSection(SolutionProperties) = preSolution
		HideSolutionNode = FALSE
	EndGlobalSection
	GlobalSection(ExtensibilityGlobals) = postSolution
		SolutionGuid = {2AE00FAB-ABEB-4CC2-AA0C-4995B9593B6A}
	EndGlobalSection
EndGlobal
