
Microsoft Visual Studio Solution File, Format Version 12.00
# Visual Studio Version 17
VisualStudioVersion = 17.14.36414.22 d17.14
MinimumVisualStudioVersion = 10.0.40219.1
Project("{FAE04EC0-301F-11D3-BF4B-00C04F79EFBC}") = "ExceptionHandling_Demo", "ExceptionHandling_Demo.csproj", "{2F90FB1E-2688-4015-8934-0B7D2B22FF8A}"
EndProject
Global
	GlobalSection(SolutionConfigurationPlatforms) = preSolution
		Debug|Any CPU = Debug|Any CPU
		Release|Any CPU = Release|Any CPU
	EndGlobalSection
	GlobalSection(ProjectConfigurationPlatforms) = postSolution
		{2F90FB1E-2688-4015-8934-0B7D2B22FF8A}.Debug|Any CPU.ActiveCfg = Debug|Any CPU
		{2F90FB1E-2688-4015-8934-0B7D2B22FF8A}.Debug|Any CPU.Build.0 = Debug|Any CPU
		{2F90FB1E-2688-4015-8934-0B7D2B22FF8A}.Release|Any CPU.ActiveCfg = Release|Any CPU
		{2F90FB1E-2688-4015-8934-0B7D2B22FF8A}.Release|Any CPU.Build.0 = Release|Any CPU
	EndGlobalSection
	GlobalSection(SolutionProperties) = preSolution
		HideSolutionNode = FALSE
	EndGlobalSection
	GlobalSection(ExtensibilityGlobals) = postSolution
		SolutionGuid = {E7DBCA68-A48B-407F-B8FE-D01AE518E9F8}
	EndGlobalSection
EndGlobal
