
Microsoft Visual Studio Solution File, Format Version 12.00
# Visual Studio Version 17
VisualStudioVersion = 17.14.36414.22 d17.14
MinimumVisualStudioVersion = 10.0.40219.1
Project("{FAE04EC0-301F-11D3-BF4B-00C04F79EFBC}") = "OOP_Demo2", "OOP_Demo2.csproj", "{460AB3A4-0B6D-4625-A316-BD63C8A9AF6F}"
EndProject
Global
	GlobalSection(SolutionConfigurationPlatforms) = preSolution
		Debug|Any CPU = Debug|Any CPU
		Release|Any CPU = Release|Any CPU
	EndGlobalSection
	GlobalSection(ProjectConfigurationPlatforms) = postSolution
		{460AB3A4-0B6D-4625-A316-BD63C8A9AF6F}.Debug|Any CPU.ActiveCfg = Debug|Any CPU
		{460AB3A4-0B6D-4625-A316-BD63C8A9AF6F}.Debug|Any CPU.Build.0 = Debug|Any CPU
		{460AB3A4-0B6D-4625-A316-BD63C8A9AF6F}.Release|Any CPU.ActiveCfg = Release|Any CPU
		{460AB3A4-0B6D-4625-A316-BD63C8A9AF6F}.Release|Any CPU.Build.0 = Release|Any CPU
	EndGlobalSection
	GlobalSection(SolutionProperties) = preSolution
		HideSolutionNode = FALSE
	EndGlobalSection
	GlobalSection(ExtensibilityGlobals) = postSolution
		SolutionGuid = {7A3A38FA-BB0E-4505-BB1A-7240A688828E}
	EndGlobalSection
EndGlobal
