
Microsoft Visual Studio Solution File, Format Version 12.00
# Visual Studio Version 17
VisualStudioVersion = 17.14.36414.22 d17.14
MinimumVisualStudioVersion = 10.0.40219.1
Project("{FAE04EC0-301F-11D3-BF4B-00C04F79EFBC}") = "Enemy_Demo_2", "Enemy_Demo_2.csproj", "{59A634F8-2799-4DBD-94F4-A3F73D0B2281}"
EndProject
Global
	GlobalSection(SolutionConfigurationPlatforms) = preSolution
		Debug|Any CPU = Debug|Any CPU
		Release|Any CPU = Release|Any CPU
	EndGlobalSection
	GlobalSection(ProjectConfigurationPlatforms) = postSolution
		{59A634F8-2799-4DBD-94F4-A3F73D0B2281}.Debug|Any CPU.ActiveCfg = Debug|Any CPU
		{59A634F8-2799-4DBD-94F4-A3F73D0B2281}.Debug|Any CPU.Build.0 = Debug|Any CPU
		{59A634F8-2799-4DBD-94F4-A3F73D0B2281}.Release|Any CPU.ActiveCfg = Release|Any CPU
		{59A634F8-2799-4DBD-94F4-A3F73D0B2281}.Release|Any CPU.Build.0 = Release|Any CPU
	EndGlobalSection
	GlobalSection(SolutionProperties) = preSolution
		HideSolutionNode = FALSE
	EndGlobalSection
	GlobalSection(ExtensibilityGlobals) = postSolution
		SolutionGuid = {953AA4D7-30CA-4BCF-9965-FDCC441C304A}
	EndGlobalSection
EndGlobal
