
Microsoft Visual Studio Solution File, Format Version 12.00
# Visual Studio Version 17
VisualStudioVersion = 17.14.36414.22 d17.14
MinimumVisualStudioVersion = 10.0.40219.1
Project("{FAE04EC0-301F-11D3-BF4B-00C04F79EFBC}") = "DynamicArray_Demo2", "DynamicArray_Demo2.csproj", "{7FA76AA3-3D0A-4D9A-915F-569FA9BB4DA8}"
EndProject
Global
	GlobalSection(SolutionConfigurationPlatforms) = preSolution
		Debug|Any CPU = Debug|Any CPU
		Release|Any CPU = Release|Any CPU
	EndGlobalSection
	GlobalSection(ProjectConfigurationPlatforms) = postSolution
		{7FA76AA3-3D0A-4D9A-915F-569FA9BB4DA8}.Debug|Any CPU.ActiveCfg = Debug|Any CPU
		{7FA76AA3-3D0A-4D9A-915F-569FA9BB4DA8}.Debug|Any CPU.Build.0 = Debug|Any CPU
		{7FA76AA3-3D0A-4D9A-915F-569FA9BB4DA8}.Release|Any CPU.ActiveCfg = Release|Any CPU
		{7FA76AA3-3D0A-4D9A-915F-569FA9BB4DA8}.Release|Any CPU.Build.0 = Release|Any CPU
	EndGlobalSection
	GlobalSection(SolutionProperties) = preSolution
		HideSolutionNode = FALSE
	EndGlobalSection
	GlobalSection(ExtensibilityGlobals) = postSolution
		SolutionGuid = {C585A9F5-51A3-4ED6-ADED-BDD558503C7A}
	EndGlobalSection
EndGlobal
