
Microsoft Visual Studio Solution File, Format Version 12.00
# Visual Studio Version 17
VisualStudioVersion = 17.14.36414.22 d17.14
MinimumVisualStudioVersion = 10.0.40219.1
Project("{FAE04EC0-301F-11D3-BF4B-00C04F79EFBC}") = "ValueReference_Demo", "ValueReference_Demo.csproj", "{3242855D-D0BE-4561-9D7B-7A588B68CF99}"
EndProject
Global
	GlobalSection(SolutionConfigurationPlatforms) = preSolution
		Debug|Any CPU = Debug|Any CPU
		Release|Any CPU = Release|Any CPU
	EndGlobalSection
	GlobalSection(ProjectConfigurationPlatforms) = postSolution
		{3242855D-D0BE-4561-9D7B-7A588B68CF99}.Debug|Any CPU.ActiveCfg = Debug|Any CPU
		{3242855D-D0BE-4561-9D7B-7A588B68CF99}.Debug|Any CPU.Build.0 = Debug|Any CPU
		{3242855D-D0BE-4561-9D7B-7A588B68CF99}.Release|Any CPU.ActiveCfg = Release|Any CPU
		{3242855D-D0BE-4561-9D7B-7A588B68CF99}.Release|Any CPU.Build.0 = Release|Any CPU
	EndGlobalSection
	GlobalSection(SolutionProperties) = preSolution
		HideSolutionNode = FALSE
	EndGlobalSection
	GlobalSection(ExtensibilityGlobals) = postSolution
		SolutionGuid = {4BCC0C8C-2035-4157-9817-85F9FB225048}
	EndGlobalSection
EndGlobal
