
Microsoft Visual Studio Solution File, Format Version 12.00
# Visual Studio Version 17
VisualStudioVersion = 17.14.36414.22 d17.14
MinimumVisualStudioVersion = 10.0.40219.1
Project("{FAE04EC0-301F-11D3-BF4B-00C04F79EFBC}") = "OOP_EnemyMethods_Demo", "OOP_EnemyMethods_Demo.csproj", "{7665AC52-C748-4336-82C5-4124C08DE7DD}"
EndProject
Global
	GlobalSection(SolutionConfigurationPlatforms) = preSolution
		Debug|Any CPU = Debug|Any CPU
		Release|Any CPU = Release|Any CPU
	EndGlobalSection
	GlobalSection(ProjectConfigurationPlatforms) = postSolution
		{7665AC52-C748-4336-82C5-4124C08DE7DD}.Debug|Any CPU.ActiveCfg = Debug|Any CPU
		{7665AC52-C748-4336-82C5-4124C08DE7DD}.Debug|Any CPU.Build.0 = Debug|Any CPU
		{7665AC52-C748-4336-82C5-4124C08DE7DD}.Release|Any CPU.ActiveCfg = Release|Any CPU
		{7665AC52-C748-4336-82C5-4124C08DE7DD}.Release|Any CPU.Build.0 = Release|Any CPU
	EndGlobalSection
	GlobalSection(SolutionProperties) = preSolution
		HideSolutionNode = FALSE
	EndGlobalSection
	GlobalSection(ExtensibilityGlobals) = postSolution
		SolutionGuid = {4CEE296E-F946-4020-A3DF-156061AC1CB6}
	EndGlobalSection
EndGlobal
